
Microsoft Visual Studio Solution File, Format Version 12.00
# Visual Studio Version 17
VisualStudioVersion = 17.6.33723.286
MinimumVisualStudioVersion = 10.0.40219.1
Project("{FAE04EC0-301F-11D3-BF4B-00C04F79EFBC}") = "PruebaLucasFelizDGII", "PruebaLucasFelizDGII\PruebaLucasFelizDGII.csproj", "{EE3F2F47-C1E5-4849-A155-C5ED19ACAE19}"
EndProject
Global
	GlobalSection(SolutionConfigurationPlatforms) = preSolution
		Debug|Any CPU = Debug|Any CPU
		Release|Any CPU = Release|Any CPU
	EndGlobalSection
	GlobalSection(ProjectConfigurationPlatforms) = postSolution
		{EE3F2F47-C1E5-4849-A155-C5ED19ACAE19}.Debug|Any CPU.ActiveCfg = Debug|Any CPU
		{EE3F2F47-C1E5-4849-A155-C5ED19ACAE19}.Debug|Any CPU.Build.0 = Debug|Any CPU
		{EE3F2F47-C1E5-4849-A155-C5ED19ACAE19}.Release|Any CPU.ActiveCfg = Release|Any CPU
		{EE3F2F47-C1E5-4849-A155-C5ED19ACAE19}.Release|Any CPU.Build.0 = Release|Any CPU
	EndGlobalSection
	GlobalSection(SolutionProperties) = preSolution
		HideSolutionNode = FALSE
	EndGlobalSection
	GlobalSection(ExtensibilityGlobals) = postSolution
		SolutionGuid = {09A814C5-9E0E-43FE-A459-C7B94D78149C}
	EndGlobalSection
EndGlobal
